PODS:
  - Alamofire (5.0.0-beta.2)
  - SDWebImage (5.11.1):
    - SDWebImage/Core (= 5.11.1)
  - SDWebImage/Core (5.11.1)
  - SnapKit (5.0.1)

DEPENDENCIES:
  - Alamofire (= 5.0.0-beta.2)
  - SDWebImage (~> 5.0)
  - SnapKit (~> 5.0.0)

SPEC REPOS:
  trunk:
    - Alamofire
    - SDWebImage
    - SnapKit

SPEC CHECKSUMS:
  Alamofire: d1e5493588babe3e7b56ae29e8032942f4de09fe
  SDWebImage: a7f831e1a65eb5e285e3fb046a23fcfbf08e696d
  SnapKit: 97b92857e3df3a0c71833cce143274bf6ef8e5eb

PODFILE CHECKSUM: e71f3673233975bc986ad1bfc93452ec3cc8191e

COCOAPODS: 1.10.2
